
Microsoft Visual Studio Solution File, Format Version 12.00
# Visual Studio Version 17
VisualStudioVersion = 17.4.33213.308
MinimumVisualStudioVersion = 10.0.40219.1
Project("{9A19103F-16F7-4668-BE54-9A1E7A4F7556}") = "Dotnet7Runtime", "Dotnet7Runtime\Dotnet7Runtime.csproj", "{899D90D2-53F0-4970-8BDA-6A8F9EC763AA}"
EndProject
Project("{9A19103F-16F7-4668-BE54-9A1E7A4F7556}") = "Dotnet7Runtime.Tests", "Dotnet7Runtime.Tests\Dotnet7Runtime.Tests.csproj", "{7FA82BA3-5907-4EE6-846F-0F67AF88104A}"
EndProject
Global
	GlobalSection(SolutionConfigurationPlatforms) = preSolution
		Debug|Any CPU = Debug|Any CPU
		Release|Any CPU = Release|Any CPU
	EndGlobalSection
	GlobalSection(ProjectConfigurationPlatforms) = postSolution
		{899D90D2-53F0-4970-8BDA-6A8F9EC763AA}.Debug|Any CPU.ActiveCfg = Debug|Any CPU
		{899D90D2-53F0-4970-8BDA-6A8F9EC763AA}.Debug|Any CPU.Build.0 = Debug|Any CPU
		{899D90D2-53F0-4970-8BDA-6A8F9EC763AA}.Release|Any CPU.ActiveCfg = Release|Any CPU
		{899D90D2-53F0-4970-8BDA-6A8F9EC763AA}.Release|Any CPU.Build.0 = Release|Any CPU
		{7FA82BA3-5907-4EE6-846F-0F67AF88104A}.Debug|Any CPU.ActiveCfg = Debug|Any CPU
		{7FA82BA3-5907-4EE6-846F-0F67AF88104A}.Debug|Any CPU.Build.0 = Debug|Any CPU
		{7FA82BA3-5907-4EE6-846F-0F67AF88104A}.Release|Any CPU.ActiveCfg = Release|Any CPU
		{7FA82BA3-5907-4EE6-846F-0F67AF88104A}.Release|Any CPU.Build.0 = Release|Any CPU
	EndGlobalSection
	GlobalSection(SolutionProperties) = preSolution
		HideSolutionNode = FALSE
	EndGlobalSection
	GlobalSection(ExtensibilityGlobals) = postSolution
		SolutionGuid = {672670F2-98B8-4F71-8D51-588F4AC51DDF}
	EndGlobalSection
EndGlobal
